
Microsoft Visual Studio Solution File, Format Version 12.00
# Visual Studio Version 17
VisualStudioVersion = 17.1.32228.430
MinimumVisualStudioVersion = 10.0.40219.1
Project("{FAE04EC0-301F-11D3-BF4B-00C04F79EFBC}") = "Lab4", "Lab4\Lab4.csproj", "{491062C2-0636-4626-8B77-C99194E11028}"
EndProject
Global
	GlobalSection(SolutionConfigurationPlatforms) = preSolution
		Debug|Any CPU = Debug|Any CPU
		Release|Any CPU = Release|Any CPU
	EndGlobalSection
	GlobalSection(ProjectConfigurationPlatforms) = postSolution
		{491062C2-0636-4626-8B77-C99194E11028}.Debug|Any CPU.ActiveCfg = Debug|Any CPU
		{491062C2-0636-4626-8B77-C99194E11028}.Debug|Any CPU.Build.0 = Debug|Any CPU
		{491062C2-0636-4626-8B77-C99194E11028}.Release|Any CPU.ActiveCfg = Release|Any CPU
		{491062C2-0636-4626-8B77-C99194E11028}.Release|Any CPU.Build.0 = Release|Any CPU
	EndGlobalSection
	GlobalSection(SolutionProperties) = preSolution
		HideSolutionNode = FALSE
	EndGlobalSection
	GlobalSection(ExtensibilityGlobals) = postSolution
		SolutionGuid = {7D3EBB98-DA73-4463-B90E-C0E693119B4B}
	EndGlobalSection
EndGlobal
